
Microsoft Visual Studio Solution File, Format Version 12.00
# Visual Studio Version 17
VisualStudioVersion = 17.2.32630.192
MinimumVisualStudioVersion = 10.0.40219.1
Project("{2150E333-8FDC-42A3-9474-1A3956D46DE8}") = "Entity", "Entity", "{B98D30B5-29E1-4194-8940-DE9A6AF7558A}"
EndProject
Project("{FAE04EC0-301F-11D3-BF4B-00C04F79EFBC}") = "SGKDev.NLayer.Entity", "src\Entity\SGKDev.NLayer.Entity\SGKDev.NLayer.Entity.csproj", "{C5DBBD7A-6826-48B2-A67B-7195F93E8D8B}"
EndProject
Project("{FAE04EC0-301F-11D3-BF4B-00C04F79EFBC}") = "SGKDev.NLayer.Entity.Contract", "src\Entity\SGKDev.NLayer.Entity.Contract\SGKDev.NLayer.Entity.Contract.csproj", "{386A5CFF-206B-4F7A-9919-AEB7494AB6CD}"
EndProject
Global
	GlobalSection(SolutionConfigurationPlatforms) = preSolution
		Debug|Any CPU = Debug|Any CPU
		Release|Any CPU = Release|Any CPU
	EndGlobalSection
	GlobalSection(ProjectConfigurationPlatforms) = postSolution
		{C5DBBD7A-6826-48B2-A67B-7195F93E8D8B}.Debug|Any CPU.ActiveCfg = Debug|Any CPU
		{C5DBBD7A-6826-48B2-A67B-7195F93E8D8B}.Debug|Any CPU.Build.0 = Debug|Any CPU
		{C5DBBD7A-6826-48B2-A67B-7195F93E8D8B}.Release|Any CPU.ActiveCfg = Release|Any CPU
		{C5DBBD7A-6826-48B2-A67B-7195F93E8D8B}.Release|Any CPU.Build.0 = Release|Any CPU
		{386A5CFF-206B-4F7A-9919-AEB7494AB6CD}.Debug|Any CPU.ActiveCfg = Debug|Any CPU
		{386A5CFF-206B-4F7A-9919-AEB7494AB6CD}.Debug|Any CPU.Build.0 = Debug|Any CPU
		{386A5CFF-206B-4F7A-9919-AEB7494AB6CD}.Release|Any CPU.ActiveCfg = Release|Any CPU
		{386A5CFF-206B-4F7A-9919-AEB7494AB6CD}.Release|Any CPU.Build.0 = Release|Any CPU
	EndGlobalSection
	GlobalSection(SolutionProperties) = preSolution
		HideSolutionNode = FALSE
	EndGlobalSection
	GlobalSection(NestedProjects) = preSolution
		{C5DBBD7A-6826-48B2-A67B-7195F93E8D8B} = {B98D30B5-29E1-4194-8940-DE9A6AF7558A}
		{386A5CFF-206B-4F7A-9919-AEB7494AB6CD} = {B98D30B5-29E1-4194-8940-DE9A6AF7558A}
	EndGlobalSection
	GlobalSection(ExtensibilityGlobals) = postSolution
		SolutionGuid = {F27CF694-C453-4144-99F8-F6309FE140C6}
	EndGlobalSection
EndGlobal
